// !$*UTF8*$!
{
	archiveVersion = 1;
	classes = {
	};
	objectVersion = 77;
	objects = {

/* Begin PBXBuildFile section */
		3FF9B27B2E37D1B6001EA6A4 /* ThemeKit in Frameworks */ = {isa = PBXBuildFile; productRef = 3FF9B27A2E37D1B6001EA6A4 /* ThemeKit */; };
		3FF9B31D2E381A77001EA6A4 /* TimerKit in Frameworks */ = {isa = PBXBuildFile; productRef = 3FF9B31C2E381A77001EA6A4 /* TimerKit */; };
/* End PBXBuildFile section */

/* Begin PBXContainerItemProxy section */
		3FF9B25D2E37CF7D001EA6A4 /* PBXContainerItemProxy */ = {
			isa = PBXContainerItemProxy;
			containerPortal = 3FF9B2472E37CF75001EA6A4 /* Project object */;
			proxyType = 1;
			remoteGlobalIDString = 3FF9B24E2E37CF75001EA6A4;
			remoteInfo = Scrum;
		};
		3FF9B2672E37CF7D001EA6A4 /* PBXContainerItemProxy */ = {
			isa = PBXContainerItemProxy;
			containerPortal = 3FF9B2472E37CF75001EA6A4 /* Project object */;
			proxyType = 1;
			remoteGlobalIDString = 3FF9B24E2E37CF75001EA6A4;
			remoteInfo = Scrum;
		};
/* End PBXContainerItemProxy section */

/* Begin PBXFileReference section */
		3FF9B24F2E37CF75001EA6A4 /* Scrum.app */ = {isa = PBXFileReference; explicitFileType = wrapper.application; includeInIndex = 0; path = Scrum.app; sourceTree = BUILT_PRODUCTS_DIR; };
		3FF9B25C2E37CF7D001EA6A4 /* ScrumTests.xctest */ = {isa = PBXFileReference; explicitFileType = wrapper.cfbundle; includeInIndex = 0; path = ScrumTests.xctest; sourceTree = BUILT_PRODUCTS_DIR; };
		3FF9B2662E37CF7D001EA6A4 /* ScrumUITests.xctest */ = {isa = PBXFileReference; explicitFileType = wrapper.cfbundle; includeInIndex = 0; path = ScrumUITests.xctest; sourceTree = BUILT_PRODUCTS_DIR; };
/* End PBXFileReference section */

/* Begin PBXFileSystemSynchronizedBuildFileExceptionSet section */
		3FF9B2BE2E37DED6001EA6A4 /* Exceptions for "Scrum" folder in "ScrumTests" target */ = {
			isa = PBXFileSystemSynchronizedBuildFileExceptionSet;
			membershipExceptions = (
				"Preview Content/DailyScrum+Sample.swift",
				"Preview Content/Preview Assets.xcassets",
			);
			target = 3FF9B25B2E37CF7D001EA6A4 /* ScrumTests */;
		};
		3FF9B2BF2E37DED6001EA6A4 /* Exceptions for "Scrum" folder in "ScrumUITests" target */ = {
			isa = PBXFileSystemSynchronizedBuildFileExceptionSet;
			membershipExceptions = (
				"Preview Content/DailyScrum+Sample.swift",
				"Preview Content/Preview Assets.xcassets",
			);
			target = 3FF9B2652E37CF7D001EA6A4 /* ScrumUITests */;
		};
/* End PBXFileSystemSynchronizedBuildFileExceptionSet section */

/* Begin PBXFileSystemSynchronizedRootGroup section */
		3FF9B2512E37CF75001EA6A4 /* Scrum */ = {
			isa = PBXFileSystemSynchronizedRootGroup;
			exceptions = (
				3FF9B2BE2E37DED6001EA6A4 /* Exceptions for "Scrum" folder in "ScrumTests" target */,
				3FF9B2BF2E37DED6001EA6A4 /* Exceptions for "Scrum" folder in "ScrumUITests" target */,
			);
			path = Scrum;
			sourceTree = "<group>";
		};
		3FF9B25F2E37CF7D001EA6A4 /* ScrumTests */ = {
			isa = PBXFileSystemSynchronizedRootGroup;
			path = ScrumTests;
			sourceTree = "<group>";
		};
		3FF9B2692E37CF7D001EA6A4 /* ScrumUITests */ = {
			isa = PBXFileSystemSynchronizedRootGroup;
			path = ScrumUITests;
			sourceTree = "<group>";
		};
/* End PBXFileSystemSynchronizedRootGroup section */

/* Begin PBXFrameworksBuildPhase section */
		3FF9B24C2E37CF75001EA6A4 /* Frameworks */ = {
			isa = PBXFrameworksBuildPhase;
			buildActionMask = 2147483647;
			files = (
				3FF9B27B2E37D1B6001EA6A4 /* ThemeKit in Frameworks */,
				3FF9B31D2E381A77001EA6A4 /* TimerKit in Frameworks */,
			);
			runOnlyForDeploymentPostprocessing = 0;
		};
		3FF9B2592E37CF7D001EA6A4 /* Frameworks */ = {
			isa = PBXFrameworksBuildPhase;
			buildActionMask = 2147483647;
			files = (
			);
			runOnlyForDeploymentPostprocessing = 0;
		};
		3FF9B2632E37CF7D001EA6A4 /* Frameworks */ = {
			isa = PBXFrameworksBuildPhase;
			buildActionMask = 2147483647;
			files = (
			);
			runOnlyForDeploymentPostprocessing = 0;
		};
/* End PBXFrameworksBuildPhase section */

/* Begin PBXGroup section */
		3FF9B2462E37CF75001EA6A4 = {
			isa = PBXGroup;
			children = (
				3FF9B2512E37CF75001EA6A4 /* Scrum */,
				3FF9B25F2E37CF7D001EA6A4 /* ScrumTests */,
				3FF9B2692E37CF7D001EA6A4 /* ScrumUITests */,
				3FF9B2502E37CF75001EA6A4 /* Products */,
			);
			sourceTree = "<group>";
		};
		3FF9B2502E37CF75001EA6A4 /* Products */ = {
			isa = PBXGroup;
			children = (
				3FF9B24F2E37CF75001EA6A4 /* Scrum.app */,
				3FF9B25C2E37CF7D001EA6A4 /* ScrumTests.xctest */,
				3FF9B2662E37CF7D001EA6A4 /* ScrumUITests.xctest */,
			);
			name = Products;
			sourceTree = "<group>";
		};
/* End PBXGroup section */

/* Begin PBXNativeTarget section */
		3FF9B24E2E37CF75001EA6A4 /* Scrum */ = {
			isa = PBXNativeTarget;
			buildConfigurationList = 3FF9B2702E37CF7D001EA6A4 /* Build configuration list for PBXNativeTarget "Scrum" */;
			buildPhases = (
				3FF9B24B2E37CF75001EA6A4 /* Sources */,
				3FF9B24C2E37CF75001EA6A4 /* Frameworks */,
				3FF9B24D2E37CF75001EA6A4 /* Resources */,
			);
			buildRules = (
			);
			dependencies = (
			);
			fileSystemSynchronizedGroups = (
				3FF9B2512E37CF75001EA6A4 /* Scrum */,
			);
			name = Scrum;
			packageProductDependencies = (
				3FF9B27A2E37D1B6001EA6A4 /* ThemeKit */,
				3FF9B31C2E381A77001EA6A4 /* TimerKit */,
			);
			productName = Scrum;
			productReference = 3FF9B24F2E37CF75001EA6A4 /* Scrum.app */;
			productType = "com.apple.product-type.application";
		};
		3FF9B25B2E37CF7D001EA6A4 /* ScrumTests */ = {
			isa = PBXNativeTarget;
			buildConfigurationList = 3FF9B2732E37CF7D001EA6A4 /* Build configuration list for PBXNativeTarget "ScrumTests" */;
			buildPhases = (
				3FF9B2582E37CF7D001EA6A4 /* Sources */,
				3FF9B2592E37CF7D001EA6A4 /* Frameworks */,
				3FF9B25A2E37CF7D001EA6A4 /* Resources */,
			);
			buildRules = (
			);
			dependencies = (
				3FF9B25E2E37CF7D001EA6A4 /* PBXTargetDependency */,
			);
			fileSystemSynchronizedGroups = (
				3FF9B25F2E37CF7D001EA6A4 /* ScrumTests */,
			);
			name = ScrumTests;
			packageProductDependencies = (
			);
			productName = ScrumTests;
			productReference = 3FF9B25C2E37CF7D001EA6A4 /* ScrumTests.xctest */;
			productType = "com.apple.product-type.bundle.unit-test";
		};
		3FF9B2652E37CF7D001EA6A4 /* ScrumUITests */ = {
			isa = PBXNativeTarget;
			buildConfigurationList = 3FF9B2762E37CF7D001EA6A4 /* Build configuration list for PBXNativeTarget "ScrumUITests" */;
			buildPhases = (
				3FF9B2622E37CF7D001EA6A4 /* Sources */,
				3FF9B2632E37CF7D001EA6A4 /* Frameworks */,
				3FF9B2642E37CF7D001EA6A4 /* Resources */,
			);
			buildRules = (
			);
			dependencies = (
				3FF9B2682E37CF7D001EA6A4 /* PBXTargetDependency */,
			);
			fileSystemSynchronizedGroups = (
				3FF9B2692E37CF7D001EA6A4 /* ScrumUITests */,
			);
			name = ScrumUITests;
			packageProductDependencies = (
			);
			productName = ScrumUITests;
			productReference = 3FF9B2662E37CF7D001EA6A4 /* ScrumUITests.xctest */;
			productType = "com.apple.product-type.bundle.ui-testing";
		};
/* End PBXNativeTarget section */

/* Begin PBXProject section */
		3FF9B2472E37CF75001EA6A4 /* Project object */ = {
			isa = PBXProject;
			attributes = {
				BuildIndependentTargetsInParallel = 1;
				LastSwiftUpdateCheck = 1640;
				LastUpgradeCheck = 1640;
				TargetAttributes = {
					3FF9B24E2E37CF75001EA6A4 = {
						CreatedOnToolsVersion = 16.4;
					};
					3FF9B25B2E37CF7D001EA6A4 = {
						CreatedOnToolsVersion = 16.4;
						TestTargetID = 3FF9B24E2E37CF75001EA6A4;
					};
					3FF9B2652E37CF7D001EA6A4 = {
						CreatedOnToolsVersion = 16.4;
						TestTargetID = 3FF9B24E2E37CF75001EA6A4;
					};
				};
			};
			buildConfigurationList = 3FF9B24A2E37CF75001EA6A4 /* Build configuration list for PBXProject "Scrum" */;
			developmentRegion = en;
			hasScannedForEncodings = 0;
			knownRegions = (
				en,
				Base,
			);
			mainGroup = 3FF9B2462E37CF75001EA6A4;
			minimizedProjectReferenceProxies = 1;
			packageReferences = (
				3FF9B2792E37D1B6001EA6A4 /* XCLocalSwiftPackageReference "../ThemeKit" */,
				3FF9B31B2E381A77001EA6A4 /* XCLocalSwiftPackageReference "../../TimerKit" */,
			);
			preferredProjectObjectVersion = 77;
			productRefGroup = 3FF9B2502E37CF75001EA6A4 /* Products */;
			projectDirPath = "";
			projectRoot = "";
			targets = (
				3FF9B24E2E37CF75001EA6A4 /* Scrum */,
				3FF9B25B2E37CF7D001EA6A4 /* ScrumTests */,
				3FF9B2652E37CF7D001EA6A4 /* ScrumUITests */,
			);
		};
/* End PBXProject section */

/* Begin PBXResourcesBuildPhase section */
		3FF9B24D2E37CF75001EA6A4 /* Resources */ = {
			isa = PBXResourcesBuildPhase;
			buildActionMask = 2147483647;
			files = (
			);
			runOnlyForDeploymentPostprocessing = 0;
		};
		3FF9B25A2E37CF7D001EA6A4 /* Resources */ = {
			isa = PBXResourcesBuildPhase;
			buildActionMask = 2147483647;
			files = (
			);
			runOnlyForDeploymentPostprocessing = 0;
		};
		3FF9B2642E37CF7D001EA6A4 /* Resources */ = {
			isa = PBXResourcesBuildPhase;
			buildActionMask = 2147483647;
			files = (
			);
			runOnlyForDeploymentPostprocessing = 0;
		};
/* End PBXResourcesBuildPhase section */

/* Begin PBXSourcesBuildPhase section */
		3FF9B24B2E37CF75001EA6A4 /* Sources */ = {
			isa = PBXSourcesBuildPhase;
			buildActionMask = 2147483647;
			files = (
			);
			runOnlyForDeploymentPostprocessing = 0;
		};
		3FF9B2582E37CF7D001EA6A4 /* Sources */ = {
			isa = PBXSourcesBuildPhase;
			buildActionMask = 2147483647;
			files = (
			);
			runOnlyForDeploymentPostprocessing = 0;
		};
		3FF9B2622E37CF7D001EA6A4 /* Sources */ = {
			isa = PBXSourcesBuildPhase;
			buildActionMask = 2147483647;
			files = (
			);
			runOnlyForDeploymentPostprocessing = 0;
		};
/* End PBXSourcesBuildPhase section */

/* Begin PBXTargetDependency section */
		3FF9B25E2E37CF7D001EA6A4 /* PBXTargetDependency */ = {
			isa = PBXTargetDependency;
			target = 3FF9B24E2E37CF75001EA6A4 /* Scrum */;
			targetProxy = 3FF9B25D2E37CF7D001EA6A4 /* PBXContainerItemProxy */;
		};
		3FF9B2682E37CF7D001EA6A4 /* PBXTargetDependency */ = {
			isa = PBXTargetDependency;
			target = 3FF9B24E2E37CF75001EA6A4 /* Scrum */;
			targetProxy = 3FF9B2672E37CF7D001EA6A4 /* PBXContainerItemProxy */;
		};
/* End PBXTargetDependency section */

/* Begin XCBuildConfiguration section */
		3FF9B26E2E37CF7D001EA6A4 /* Debug */ = {
			isa = XCBuildConfiguration;
			buildSettings = {
				ALWAYS_SEARCH_USER_PATHS = NO;
				ASSETCATALOG_COMPILER_GENERATE_SWIFT_ASSET_SYMBOL_EXTENSIONS = YES;
				CLANG_ANALYZER_NONNULL = YES;
				CLANG_ANALYZER_NUMBER_OBJECT_CONVERSION = YES_AGGRESSIVE;
				CLANG_CXX_LANGUAGE_STANDARD = "gnu++20";
				CLANG_ENABLE_MODULES = YES;
				CLANG_ENABLE_OBJC_ARC = YES;
				CLANG_ENABLE_OBJC_WEAK = YES;
				CLANG_WARN_BLOCK_CAPTURE_AUTORELEASING = YES;
				CLANG_WARN_BOOL_CONVERSION = YES;
				CLANG_WARN_COMMA = YES;
				CLANG_WARN_CONSTANT_CONVERSION = YES;
				CLANG_WARN_DEPRECATED_OBJC_IMPLEMENTATIONS = YES;
				CLANG_WARN_DIRECT_OBJC_ISA_USAGE = YES_ERROR;
				CLANG_WARN_DOCUMENTATION_COMMENTS = YES;
				CLANG_WARN_EMPTY_BODY = YES;
				CLANG_WARN_ENUM_CONVERSION = YES;
				CLANG_WARN_INFINITE_RECURSION = YES;
				CLANG_WARN_INT_CONVERSION = YES;
				CLANG_WARN_NON_LITERAL_NULL_CONVERSION = YES;
				CLANG_WARN_OBJC_IMPLICIT_RETAIN_SELF = YES;
				CLANG_WARN_OBJC_LITERAL_CONVERSION = YES;
				CLANG_WARN_OBJC_ROOT_CLASS = YES_ERROR;
				CLANG_WARN_QUOTED_INCLUDE_IN_FRAMEWORK_HEADER = YES;
				CLANG_WARN_RANGE_LOOP_ANALYSIS = YES;
				CLANG_WARN_STRICT_PROTOTYPES = YES;
				CLANG_WARN_SUSPICIOUS_MOVE = YES;
				CLANG_WARN_UNGUARDED_AVAILABILITY = YES_AGGRESSIVE;
				CLANG_WARN_UNREACHABLE_CODE = YES;
				CLANG_WARN__DUPLICATE_METHOD_MATCH = YES;
				COPY_PHASE_STRIP = NO;
				DEBUG_INFORMATION_FORMAT = dwarf;
				DEVELOPMENT_TEAM = ZT8389KJND;
				ENABLE_STRICT_OBJC_MSGSEND = YES;
				ENABLE_TESTABILITY = YES;
				ENABLE_USER_SCRIPT_SANDBOXING = YES;
				GCC_C_LANGUAGE_STANDARD = gnu17;
				GCC_DYNAMIC_NO_PIC = NO;
				GCC_NO_COMMON_BLOCKS = YES;
				GCC_OPTIMIZATION_LEVEL = 0;
				GCC_PREPROCESSOR_DEFINITIONS = (
					"DEBUG=1",
					"$(inherited)",
				);
				GCC_WARN_64_TO_32_BIT_CONVERSION = YES;
				GCC_WARN_ABOUT_RETURN_TYPE = YES_ERROR;
				GCC_WARN_UNDECLARED_SELECTOR = YES;
				GCC_WARN_UNINITIALIZED_AUTOS = YES_AGGRESSIVE;
				GCC_WARN_UNUSED_FUNCTION = YES;
				GCC_WARN_UNUSED_VARIABLE = YES;
				IPHONEOS_DEPLOYMENT_TARGET = 18.5;
				LOCALIZATION_PREFERS_STRING_CATALOGS = YES;
				MTL_ENABLE_DEBUG_INFO = INCLUDE_SOURCE;
				MTL_FAST_MATH = YES;
				ONLY_ACTIVE_ARCH = YES;
				SDKROOT = iphoneos;
				SWIFT_ACTIVE_COMPILATION_CONDITIONS = "DEBUG $(inherited)";
				SWIFT_OPTIMIZATION_LEVEL = "-Onone";
			};
			name = Debug;
		};
		3FF9B26F2E37CF7D001EA6A4 /* Release */ = {
			isa = XCBuildConfiguration;
			buildSettings = {
				ALWAYS_SEARCH_USER_PATHS = NO;
				ASSETCATALOG_COMPILER_GENERATE_SWIFT_ASSET_SYMBOL_EXTENSIONS = YES;
				CLANG_ANALYZER_NONNULL = YES;
				CLANG_ANALYZER_NUMBER_OBJECT_CONVERSION = YES_AGGRESSIVE;
				CLANG_CXX_LANGUAGE_STANDARD = "gnu++20";
				CLANG_ENABLE_MODULES = YES;
				CLANG_ENABLE_OBJC_ARC = YES;
				CLANG_ENABLE_OBJC_WEAK = YES;
				CLANG_WARN_BLOCK_CAPTURE_AUTORELEASING = YES;
				CLANG_WARN_BOOL_CONVERSION = YES;
				CLANG_WARN_COMMA = YES;
				CLANG_WARN_CONSTANT_CONVERSION = YES;
				CLANG_WARN_DEPRECATED_OBJC_IMPLEMENTATIONS = YES;
				CLANG_WARN_DIRECT_OBJC_ISA_USAGE = YES_ERROR;
				CLANG_WARN_DOCUMENTATION_COMMENTS = YES;
				CLANG_WARN_EMPTY_BODY = YES;
				CLANG_WARN_ENUM_CONVERSION = YES;
				CLANG_WARN_INFINITE_RECURSION = YES;
				CLANG_WARN_INT_CONVERSION = YES;
				CLANG_WARN_NON_LITERAL_NULL_CONVERSION = YES;
				CLANG_WARN_OBJC_IMPLICIT_RETAIN_SELF = YES;
				CLANG_WARN_OBJC_LITERAL_CONVERSION = YES;
				CLANG_WARN_OBJC_ROOT_CLASS = YES_ERROR;
				CLANG_WARN_QUOTED_INCLUDE_IN_FRAMEWORK_HEADER = YES;
				CLANG_WARN_RANGE_LOOP_ANALYSIS = YES;
				CLANG_WARN_STRICT_PROTOTYPES = YES;
				CLANG_WARN_SUSPICIOUS_MOVE = YES;
				CLANG_WARN_UNGUARDED_AVAILABILITY = YES_AGGRESSIVE;
				CLANG_WARN_UNREACHABLE_CODE = YES;
				CLANG_WARN__DUPLICATE_METHOD_MATCH = YES;
				COPY_PHASE_STRIP = NO;
				DEBUG_INFORMATION_FORMAT = "dwarf-with-dsym";
				DEVELOPMENT_TEAM = ZT8389KJND;
				ENABLE_NS_ASSERTIONS = NO;
				ENABLE_STRICT_OBJC_MSGSEND = YES;
				ENABLE_USER_SCRIPT_SANDBOXING = YES;
				GCC_C_LANGUAGE_STANDARD = gnu17;
				GCC_NO_COMMON_BLOCKS = YES;
				GCC_WARN_64_TO_32_BIT_CONVERSION = YES;
				GCC_WARN_ABOUT_RETURN_TYPE = YES_ERROR;
				GCC_WARN_UNDECLARED_SELECTOR = YES;
				GCC_WARN_UNINITIALIZED_AUTOS = YES_AGGRESSIVE;
				GCC_WARN_UNUSED_FUNCTION = YES;
				GCC_WARN_UNUSED_VARIABLE = YES;
				IPHONEOS_DEPLOYMENT_TARGET = 18.5;
				LOCALIZATION_PREFERS_STRING_CATALOGS = YES;
				MTL_ENABLE_DEBUG_INFO = NO;
				MTL_FAST_MATH = YES;
				SDKROOT = iphoneos;
				SWIFT_COMPILATION_MODE = wholemodule;
				VALIDATE_PRODUCT = YES;
			};
			name = Release;
		};
		3FF9B2712E37CF7D001EA6A4 /* Debug */ = {
			isa = XCBuildConfiguration;
			buildSettings = {
				ASSETCATALOG_COMPILER_APPICON_NAME = AppIcon;
				ASSETCATALOG_COMPILER_GLOBAL_ACCENT_COLOR_NAME = AccentColor;
				CODE_SIGN_STYLE = Automatic;
				CURRENT_PROJECT_VERSION = 1;
				DEVELOPMENT_TEAM = ZT8389KJND;
				ENABLE_PREVIEWS = YES;
				GENERATE_INFOPLIST_FILE = YES;
				INFOPLIST_KEY_UIApplicationSceneManifest_Generation = YES;
				INFOPLIST_KEY_UIApplicationSupportsIndirectInputEvents = YES;
				INFOPLIST_KEY_UILaunchScreen_Generation = YES;
				INFOPLIST_KEY_UISupportedInterfaceOrientations_iPad = "UIInterfaceOrientationPortrait UIInterfaceOrientationPortraitUpsideDown UIInterfaceOrientationLandscapeLeft UIInterfaceOrientationLandscapeRight";
				INFOPLIST_KEY_UISupportedInterfaceOrientations_iPhone = "UIInterfaceOrientationPortrait UIInterfaceOrientationLandscapeLeft UIInterfaceOrientationLandscapeRight";
				LD_RUNPATH_SEARCH_PATHS = (
					"$(inherited)",
					"@executable_path/Frameworks",
				);
				MARKETING_VERSION = 1.0;
				PRODUCT_BUNDLE_IDENTIFIER = bovine.dawn.Scrum;
				PRODUCT_NAME = "$(TARGET_NAME)";
				SWIFT_EMIT_LOC_STRINGS = YES;
				SWIFT_VERSION = 5.0;
				TARGETED_DEVICE_FAMILY = "1,2";
			};
			name = Debug;
		};
		3FF9B2722E37CF7D001EA6A4 /* Release */ = {
			isa = XCBuildConfiguration;
			buildSettings = {
				ASSETCATALOG_COMPILER_APPICON_NAME = AppIcon;
				ASSETCATALOG_COMPILER_GLOBAL_ACCENT_COLOR_NAME = AccentColor;
				CODE_SIGN_STYLE = Automatic;
				CURRENT_PROJECT_VERSION = 1;
				DEVELOPMENT_TEAM = ZT8389KJND;
				ENABLE_PREVIEWS = YES;
				GENERATE_INFOPLIST_FILE = YES;
				INFOPLIST_KEY_UIApplicationSceneManifest_Generation = YES;
				INFOPLIST_KEY_UIApplicationSupportsIndirectInputEvents = YES;
				INFOPLIST_KEY_UILaunchScreen_Generation = YES;
				INFOPLIST_KEY_UISupportedInterfaceOrientations_iPad = "UIInterfaceOrientationPortrait UIInterfaceOrientationPortraitUpsideDown UIInterfaceOrientationLandscapeLeft UIInterfaceOrientationLandscapeRight";
				INFOPLIST_KEY_UISupportedInterfaceOrientations_iPhone = "UIInterfaceOrientationPortrait UIInterfaceOrientationLandscapeLeft UIInterfaceOrientationLandscapeRight";
				LD_RUNPATH_SEARCH_PATHS = (
					"$(inherited)",
					"@executable_path/Frameworks",
				);
				MARKETING_VERSION = 1.0;
				PRODUCT_BUNDLE_IDENTIFIER = bovine.dawn.Scrum;
				PRODUCT_NAME = "$(TARGET_NAME)";
				SWIFT_EMIT_LOC_STRINGS = YES;
				SWIFT_VERSION = 5.0;
				TARGETED_DEVICE_FAMILY = "1,2";
			};
			name = Release;
		};
		3FF9B2742E37CF7D001EA6A4 /* Debug */ = {
			isa = XCBuildConfiguration;
			buildSettings = {
				BUNDLE_LOADER = "$(TEST_HOST)";
				CODE_SIGN_STYLE = Automatic;
				CURRENT_PROJECT_VERSION = 1;
				DEVELOPMENT_TEAM = ZT8389KJND;
				GENERATE_INFOPLIST_FILE = YES;
				IPHONEOS_DEPLOYMENT_TARGET = 18.5;
				MARKETING_VERSION = 1.0;
				PRODUCT_BUNDLE_IDENTIFIER = bovine.dawn.ScrumTests;
				PRODUCT_NAME = "$(TARGET_NAME)";
				SWIFT_EMIT_LOC_STRINGS = NO;
				SWIFT_VERSION = 5.0;
				TARGETED_DEVICE_FAMILY = "1,2";
				TEST_HOST = "$(BUILT_PRODUCTS_DIR)/Scrum.app/$(BUNDLE_EXECUTABLE_FOLDER_PATH)/Scrum";
			};
			name = Debug;
		};
		3FF9B2752E37CF7D001EA6A4 /* Release */ = {
			isa = XCBuildConfiguration;
			buildSettings = {
				BUNDLE_LOADER = "$(TEST_HOST)";
				CODE_SIGN_STYLE = Automatic;
				CURRENT_PROJECT_VERSION = 1;
				DEVELOPMENT_TEAM = ZT8389KJND;
				GENERATE_INFOPLIST_FILE = YES;
				IPHONEOS_DEPLOYMENT_TARGET = 18.5;
				MARKETING_VERSION = 1.0;
				PRODUCT_BUNDLE_IDENTIFIER = bovine.dawn.ScrumTests;
				PRODUCT_NAME = "$(TARGET_NAME)";
				SWIFT_EMIT_LOC_STRINGS = NO;
				SWIFT_VERSION = 5.0;
				TARGETED_DEVICE_FAMILY = "1,2";
				TEST_HOST = "$(BUILT_PRODUCTS_DIR)/Scrum.app/$(BUNDLE_EXECUTABLE_FOLDER_PATH)/Scrum";
			};
			name = Release;
		};
		3FF9B2772E37CF7D001EA6A4 /* Debug */ = {
			isa = XCBuildConfiguration;
			buildSettings = {
				CODE_SIGN_STYLE = Automatic;
				CURRENT_PROJECT_VERSION = 1;
				DEVELOPMENT_TEAM = ZT8389KJND;
				GENERATE_INFOPLIST_FILE = YES;
				MARKETING_VERSION = 1.0;
				PRODUCT_BUNDLE_IDENTIFIER = bovine.dawn.ScrumUITests;
				PRODUCT_NAME = "$(TARGET_NAME)";
				SWIFT_EMIT_LOC_STRINGS = NO;
				SWIFT_VERSION = 5.0;
				TARGETED_DEVICE_FAMILY = "1,2";
				TEST_TARGET_NAME = Scrum;
			};
			name = Debug;
		};
		3FF9B2782E37CF7D001EA6A4 /* Release */ = {
			isa = XCBuildConfiguration;
			buildSettings = {
				CODE_SIGN_STYLE = Automatic;
				CURRENT_PROJECT_VERSION = 1;
				DEVELOPMENT_TEAM = ZT8389KJND;
				GENERATE_INFOPLIST_FILE = YES;
				MARKETING_VERSION = 1.0;
				PRODUCT_BUNDLE_IDENTIFIER = bovine.dawn.ScrumUITests;
				PRODUCT_NAME = "$(TARGET_NAME)";
				SWIFT_EMIT_LOC_STRINGS = NO;
				SWIFT_VERSION = 5.0;
				TARGETED_DEVICE_FAMILY = "1,2";
				TEST_TARGET_NAME = Scrum;
			};
			name = Release;
		};
/* End XCBuildConfiguration section */

/* Begin XCConfigurationList section */
		3FF9B24A2E37CF75001EA6A4 /* Build configuration list for PBXProject "Scrum" */ = {
			isa = XCConfigurationList;
			buildConfigurations = (
				3FF9B26E2E37CF7D001EA6A4 /* Debug */,
				3FF9B26F2E37CF7D001EA6A4 /* Release */,
			);
			defaultConfigurationIsVisible = 0;
			defaultConfigurationName = Release;
		};
		3FF9B2702E37CF7D001EA6A4 /* Build configuration list for PBXNativeTarget "Scrum" */ = {
			isa = XCConfigurationList;
			buildConfigurations = (
				3FF9B2712E37CF7D001EA6A4 /* Debug */,
				3FF9B2722E37CF7D001EA6A4 /* Release */,
			);
			defaultConfigurationIsVisible = 0;
			defaultConfigurationName = Release;
		};
		3FF9B2732E37CF7D001EA6A4 /* Build configuration list for PBXNativeTarget "ScrumTests" */ = {
			isa = XCConfigurationList;
			buildConfigurations = (
				3FF9B2742E37CF7D001EA6A4 /* Debug */,
				3FF9B2752E37CF7D001EA6A4 /* Release */,
			);
			defaultConfigurationIsVisible = 0;
			defaultConfigurationName = Release;
		};
		3FF9B2762E37CF7D001EA6A4 /* Build configuration list for PBXNativeTarget "ScrumUITests" */ = {
			isa = XCConfigurationList;
			buildConfigurations = (
				3FF9B2772E37CF7D001EA6A4 /* Debug */,
				3FF9B2782E37CF7D001EA6A4 /* Release */,
			);
			defaultConfigurationIsVisible = 0;
			defaultConfigurationName = Release;
		};
/* End XCConfigurationList section */

/* Begin XCLocalSwiftPackageReference section */
		3FF9B2792E37D1B6001EA6A4 /* XCLocalSwiftPackageReference "../ThemeKit" */ = {
			isa = XCLocalSwiftPackageReference;
			relativePath = ../ThemeKit;
		};
		3FF9B31B2E381A77001EA6A4 /* XCLocalSwiftPackageReference "../../TimerKit" */ = {
			isa = XCLocalSwiftPackageReference;
			relativePath = ../../TimerKit;
		};
/* End XCLocalSwiftPackageReference section */

/* Begin XCSwiftPackageProductDependency section */
		3FF9B27A2E37D1B6001EA6A4 /* ThemeKit */ = {
			isa = XCSwiftPackageProductDependency;
			productName = ThemeKit;
		};
		3FF9B31C2E381A77001EA6A4 /* TimerKit */ = {
			isa = XCSwiftPackageProductDependency;
			productName = TimerKit;
		};
/* End XCSwiftPackageProductDependency section */
	};
	rootObject = 3FF9B2472E37CF75001EA6A4 /* Project object */;
}
